// !$*UTF8*$!
{
	archiveVersion = 1;
	classes = {
	};
	objectVersion = 52;
	objects = {

/* Begin PBXBuildFile section */
		008201120F3FA334F3F9AF87 /* Pods_Music_Player_Music_PlayerUITests.framework in Frameworks */ = {isa = PBXBuildFile; fileRef = D41EAD7FD289AE08E23C3E74 /* Pods_Music_Player_Music_PlayerUITests.framework */; };
		050BC4D81E192AFBAE6B43AF /* Pods_Music_Player.framework in Frameworks */ = {isa = PBXBuildFile; fileRef = CCB159B178FEB561E712188B /* Pods_Music_Player.framework */; };
		3F161C1A24DFEF51000291F2 /* SongCell.swift in Sources */ = {isa = PBXBuildFile; fileRef = 3F161C1924DFEF51000291F2 /* SongCell.swift */; };
		3F27FBC72482272D000B0978 /* DetailPlayerViewController.swift in Sources */ = {isa = PBXBuildFile; fileRef = 3F27FBC62482272D000B0978 /* DetailPlayerViewController.swift */; };
		3F29139B248A2AA900977368 /* Oliver Tree - Hurt.mp3 in Resources */ = {isa = PBXBuildFile; fileRef = 3F29139A248A2AA900977368 /* Oliver Tree - Hurt.mp3 */; };
		3F29139D248A2AC200977368 /* 21 Savage - Banc Account.mp3 in Resources */ = {isa = PBXBuildFile; fileRef = 3F29139C248A2AC200977368 /* 21 Savage - Banc Account.mp3 */; };
		3F29139F248A2AD600977368 /* Travis Scott - HIGHEST IN THE ROOM.mp3 in Resources */ = {isa = PBXBuildFile; fileRef = 3F29139E248A2AD600977368 /* Travis Scott - HIGHEST IN THE ROOM.mp3 */; };
		3F2913A1248A2AE900977368 /* The Weeknd - The Hills.mp3 in Resources */ = {isa = PBXBuildFile; fileRef = 3F2913A0248A2AE900977368 /* The Weeknd - The Hills.mp3 */; };
		3F2913A3248A2B1700977368 /* Lil Nas X - Old Town Road.mp3 in Resources */ = {isa = PBXBuildFile; fileRef = 3F2913A2248A2B1700977368 /* Lil Nas X - Old Town Road.mp3 */; };
		3F2913A5248A314500977368 /* Travis Scott - CAROUSEL ft Frank Ocean.mp3 in Resources */ = {isa = PBXBuildFile; fileRef = 3F2913A4248A314500977368 /* Travis Scott - CAROUSEL ft Frank Ocean.mp3 */; };
		3F2913A7248A315200977368 /* Travis Scott - SKELETONS ft The Weeknd.mp3 in Resources */ = {isa = PBXBuildFile; fileRef = 3F2913A6248A315200977368 /* Travis Scott - SKELETONS ft The Weeknd.mp3 */; };
		3F2913A9248A315900977368 /* Travis Scott - YOSEMITE ft Gunna & NAV.mp3 in Resources */ = {isa = PBXBuildFile; fileRef = 3F2913A8248A315900977368 /* Travis Scott - YOSEMITE ft Gunna & NAV.mp3 */; };
		3F2913AB248A316000977368 /* Travis Scott - Stargazing.mp3 in Resources */ = {isa = PBXBuildFile; fileRef = 3F2913AA248A316000977368 /* Travis Scott - Stargazing.mp3 */; };
		3F2913AD248A316900977368 /* Travis Scott - STOP TRYING TO BE GOD ft James Blake & Kid Cudi.mp3 in Resources */ = {isa = PBXBuildFile; fileRef = 3F2913AC248A316900977368 /* Travis Scott - STOP TRYING TO BE GOD ft James Blake & Kid Cudi.mp3 */; };
		3F2913AF248A317000977368 /* Travis Scott - BUTTERFLY EFFECT.mp3 in Resources */ = {isa = PBXBuildFile; fileRef = 3F2913AE248A317000977368 /* Travis Scott - BUTTERFLY EFFECT.mp3 */; };
		3F2913B1248A3E4A00977368 /* AlbumDetailViewController.swift in Sources */ = {isa = PBXBuildFile; fileRef = 3F2913B0248A3E4A00977368 /* AlbumDetailViewController.swift */; };
		3F2913B3248A4E0E00977368 /* AlbumDetailViewCell.swift in Sources */ = {isa = PBXBuildFile; fileRef = 3F2913B2248A4E0E00977368 /* AlbumDetailViewCell.swift */; };
		3F2AE91A24C084CF00B9CAF5 /* BarButton.swift in Sources */ = {isa = PBXBuildFile; fileRef = 3F2AE91924C084CF00B9CAF5 /* BarButton.swift */; };
		3F397FA424829EEF00CE18F5 /* AudioService.swift in Sources */ = {isa = PBXBuildFile; fileRef = 3F397FA324829EEF00CE18F5 /* AudioService.swift */; };
		3F41A2D724DAC07600251A5D /* NotificationService.swift in Sources */ = {isa = PBXBuildFile; fileRef = 3F41A2D624DAC07600251A5D /* NotificationService.swift */; };
		3F4451F3247EB1AD00DDF99F /* Assets.xcassets in Resources */ = {isa = PBXBuildFile; fileRef = 3F4451F2247EB1AD00DDF99F /* Assets.xcassets */; };
		3F4E3EF424D036FA002AAD23 /* MainTabBarController.swift in Sources */ = {isa = PBXBuildFile; fileRef = 3F4E3EF324D036FA002AAD23 /* MainTabBarController.swift */; };
		3F4E3EF624D03E29002AAD23 /* AddTabBarPresenter.swift in Sources */ = {isa = PBXBuildFile; fileRef = 3F4E3EF524D03E29002AAD23 /* AddTabBarPresenter.swift */; };
		3F60381B24792D4900E703E0 /* AppDelegate.swift in Sources */ = {isa = PBXBuildFile; fileRef = 3F60381A24792D4900E703E0 /* AppDelegate.swift */; };
		3F60381F24792D4900E703E0 /* MainViewController.swift in Sources */ = {isa = PBXBuildFile; fileRef = 3F60381E24792D4900E703E0 /* MainViewController.swift */; };
		3F60382124792D4900E703E0 /* AlbumViewController.swift in Sources */ = {isa = PBXBuildFile; fileRef = 3F60382024792D4900E703E0 /* AlbumViewController.swift */; };
		3F60382424792D4900E703E0 /* Main.storyboard in Resources */ = {isa = PBXBuildFile; fileRef = 3F60382224792D4900E703E0 /* Main.storyboard */; };
		3F60382924792D4C00E703E0 /* LaunchScreen.storyboard in Resources */ = {isa = PBXBuildFile; fileRef = 3F60382724792D4C00E703E0 /* LaunchScreen.storyboard */; };
		3F60383424792D4C00E703E0 /* Music_PlayerTests.swift in Sources */ = {isa = PBXBuildFile; fileRef = 3F60383324792D4C00E703E0 /* Music_PlayerTests.swift */; };
		3F60383F24792D4C00E703E0 /* Music_PlayerUITests.swift in Sources */ = {isa = PBXBuildFile; fileRef = 3F60383E24792D4C00E703E0 /* Music_PlayerUITests.swift */; };
		3F60384E24792DA000E703E0 /* Machine Gun Kelly - I think I'm ok.mp3 in Resources */ = {isa = PBXBuildFile; fileRef = 3F60384D24792DA000E703E0 /* Machine Gun Kelly - I think I'm ok.mp3 */; };
		3F60385024792DB400E703E0 /* Travis Scott - The Scotts.mp3 in Resources */ = {isa = PBXBuildFile; fileRef = 3F60384F24792DB400E703E0 /* Travis Scott - The Scotts.mp3 */; };
		3F60385224792DC000E703E0 /* Travis Scott - SICKO MODE.mp3 in Resources */ = {isa = PBXBuildFile; fileRef = 3F60385124792DC000E703E0 /* Travis Scott - SICKO MODE.mp3 */; };
		3F60385424792DC700E703E0 /* Don Toliver - No Idea.mp3 in Resources */ = {isa = PBXBuildFile; fileRef = 3F60385324792DC700E703E0 /* Don Toliver - No Idea.mp3 */; };
		3F60385624792DD100E703E0 /* Lil Uzi Vert - Futsal Shuffle 2020.mp3 in Resources */ = {isa = PBXBuildFile; fileRef = 3F60385524792DD100E703E0 /* Lil Uzi Vert - Futsal Shuffle 2020.mp3 */; };
		3F60385824792DDD00E703E0 /* Arizona Zervas & Swae Lee - Roxanne.mp3 in Resources */ = {isa = PBXBuildFile; fileRef = 3F60385724792DDD00E703E0 /* Arizona Zervas & Swae Lee - Roxanne.mp3 */; };
		3F60385A24792DE300E703E0 /* The Weeknd - Call Out My Name.mp3 in Resources */ = {isa = PBXBuildFile; fileRef = 3F60385924792DE300E703E0 /* The Weeknd - Call Out My Name.mp3 */; };
		3F60385C24792DE900E703E0 /* Roddy Ricch - The Box.mp3 in Resources */ = {isa = PBXBuildFile; fileRef = 3F60385B24792DE900E703E0 /* Roddy Ricch - The Box.mp3 */; };
		3F6038622479446400E703E0 /* SongService.swift in Sources */ = {isa = PBXBuildFile; fileRef = 3F6038612479446400E703E0 /* SongService.swift */; };
		3F6038642479479F00E703E0 /* MainTableViewCell.swift in Sources */ = {isa = PBXBuildFile; fileRef = 3F6038632479479F00E703E0 /* MainTableViewCell.swift */; };
		3F641FB0255AE2CC00C85227 /* Rswift in Frameworks */ = {isa = PBXBuildFile; productRef = 3F641FAF255AE2CC00C85227 /* Rswift */; };
		3F641FCD255AFB3200C85227 /* Localizable.strings in Resources */ = {isa = PBXBuildFile; fileRef = 3F641FCF255AFB3200C85227 /* Localizable.strings */; };
		3F64DC2524C72570009768E3 /* MainPresenter.swift in Sources */ = {isa = PBXBuildFile; fileRef = 3F64DC2424C72570009768E3 /* MainPresenter.swift */; };
		3F64DC2824C7260D009768E3 /* BasePresenter.swift in Sources */ = {isa = PBXBuildFile; fileRef = 3F64DC2724C7260D009768E3 /* BasePresenter.swift */; };
		3F64DC2B24C7263C009768E3 /* RoutableViewController.swift in Sources */ = {isa = PBXBuildFile; fileRef = 3F64DC2A24C7263C009768E3 /* RoutableViewController.swift */; };
		3F64DC2D24C72663009768E3 /* ServiceFactory.swift in Sources */ = {isa = PBXBuildFile; fileRef = 3F64DC2C24C72663009768E3 /* ServiceFactory.swift */; };
		3F64DC2F24C72779009768E3 /* Router.swift in Sources */ = {isa = PBXBuildFile; fileRef = 3F64DC2E24C72779009768E3 /* Router.swift */; };
		3F75BE3C2552ABA5000F86B7 /* Multidelegate.swift in Sources */ = {isa = PBXBuildFile; fileRef = 3F75BE3B2552ABA5000F86B7 /* Multidelegate.swift */; };
		3FB776CF251F897C0061337F /* Bool+Extension.swift in Sources */ = {isa = PBXBuildFile; fileRef = 3FB776CE251F897C0061337F /* Bool+Extension.swift */; };
		3FBB1601255C320900D0AA72 /* R.generated.swift in Sources */ = {isa = PBXBuildFile; fileRef = 3FBB1600255C320900D0AA72 /* R.generated.swift */; };
		3FBB1627255C36DF00D0AA72 /* Gardens_Regular.ttf in Resources */ = {isa = PBXBuildFile; fileRef = 3FBB1626255C36DF00D0AA72 /* Gardens_Regular.ttf */; };
		3FBB162B255C36E500D0AA72 /* Lemon_Regular.ttf in Resources */ = {isa = PBXBuildFile; fileRef = 3FBB162A255C36E500D0AA72 /* Lemon_Regular.ttf */; };
		3FC9F4FC247AC8D70079B4EC /* Ayo & Teo - Rolex.mp3 in Resources */ = {isa = PBXBuildFile; fileRef = 3FC9F4FB247AC8D70079B4EC /* Ayo & Teo - Rolex.mp3 */; };
		3FC9F4FE247AC8E70079B4EC /* XXXTENTACION - SAD!.mp3 in Resources */ = {isa = PBXBuildFile; fileRef = 3FC9F4FD247AC8E70079B4EC /* XXXTENTACION - SAD!.mp3 */; };
		3FC9F500247ACBB40079B4EC /* AlbumViewCell.swift in Sources */ = {isa = PBXBuildFile; fileRef = 3FC9F4FF247ACBB40079B4EC /* AlbumViewCell.swift */; };
		3FD69C7E24D19E97002E5DA1 /* BaseButton.swift in Sources */ = {isa = PBXBuildFile; fileRef = 3FD69C7D24D19E97002E5DA1 /* BaseButton.swift */; };
		3FD69C8024D19F97002E5DA1 /* UIImage+Extension.swift in Sources */ = {isa = PBXBuildFile; fileRef = 3FD69C7F24D19F97002E5DA1 /* UIImage+Extension.swift */; };
		3FD69C8224D19FB5002E5DA1 /* UINavigationController+Extension.swift in Sources */ = {isa = PBXBuildFile; fileRef = 3FD69C8124D19FB5002E5DA1 /* UINavigationController+Extension.swift */; };
		3FD69C8424D19FCC002E5DA1 /* UIButton+Extension.swift in Sources */ = {isa = PBXBuildFile; fileRef = 3FD69C8324D19FCC002E5DA1 /* UIButton+Extension.swift */; };
		3FD69C8624D19FED002E5DA1 /* UIViewController+Extension.swift in Sources */ = {isa = PBXBuildFile; fileRef = 3FD69C8524D19FED002E5DA1 /* UIViewController+Extension.swift */; };
		3FD69C8B24D2D603002E5DA1 /* AddTabBarView.swift in Sources */ = {isa = PBXBuildFile; fileRef = 3FD69C8A24D2D603002E5DA1 /* AddTabBarView.swift */; };
		3FDAA7252494DCE500BC791C /* Eminem - You Gon Learn feat Royce Da 5'9, White Gold.mp3 in Resources */ = {isa = PBXBuildFile; fileRef = 3FDAA7242494DCE400BC791C /* Eminem - You Gon Learn feat Royce Da 5'9, White Gold.mp3 */; };
		3FDAA7272494E11200BC791C /* Shawn Mendes - In My Blood.mp3 in Resources */ = {isa = PBXBuildFile; fileRef = 3FDAA7262494E11200BC791C /* Shawn Mendes - In My Blood.mp3 */; };
		3FDAA7292494E11800BC791C /* Camila Cabello - Havana feat. Young Thug.mp3 in Resources */ = {isa = PBXBuildFile; fileRef = 3FDAA7282494E11700BC791C /* Camila Cabello - Havana feat. Young Thug.mp3 */; };
		3FDAA72B2494E27700BC791C /* Ariana Grande - 7 Rings.mp3 in Resources */ = {isa = PBXBuildFile; fileRef = 3FDAA72A2494E27700BC791C /* Ariana Grande - 7 Rings.mp3 */; };
		3FDAA72D2494EB0300BC791C /* Kendrick Lamar - DNA..mp3 in Resources */ = {isa = PBXBuildFile; fileRef = 3FDAA72C2494EB0300BC791C /* Kendrick Lamar - DNA..mp3 */; };
		3FDAA72F2494EC3000BC791C /* Rae Sremmurd - Black Beatles Ft. Gucci Mane.mp3 in Resources */ = {isa = PBXBuildFile; fileRef = 3FDAA72E2494EC3000BC791C /* Rae Sremmurd - Black Beatles Ft. Gucci Mane.mp3 */; };
		3FDF613324C7340000D23C1E /* DetailPlayerPresenter.swift in Sources */ = {isa = PBXBuildFile; fileRef = 3FDF613224C7340000D23C1E /* DetailPlayerPresenter.swift */; };
		3FDF613624C7343800D23C1E /* AlbumPresenter.swift in Sources */ = {isa = PBXBuildFile; fileRef = 3FDF613524C7343800D23C1E /* AlbumPresenter.swift */; };
		3FDF613924C7347300D23C1E /* AlbumDetailPresenter.swift in Sources */ = {isa = PBXBuildFile; fileRef = 3FDF613824C7347300D23C1E /* AlbumDetailPresenter.swift */; };
		FE68C1159D763C341A3DC136 /* Pods_Music_PlayerTests.framework in Frameworks */ = {isa = PBXBuildFile; fileRef = 79C7E9825A5DFB666BE81F56 /* Pods_Music_PlayerTests.framework */; };
/* End PBXBuildFile section */

/* Begin PBXContainerItemProxy section */
		3F60383024792D4C00E703E0 /* PBXContainerItemProxy */ = {
			isa = PBXContainerItemProxy;
			containerPortal = 3F60380F24792D4900E703E0 /* Project object */;
			proxyType = 1;
			remoteGlobalIDString = 3F60381624792D4900E703E0;
			remoteInfo = "Music Player";
		};
		3F60383B24792D4C00E703E0 /* PBXContainerItemProxy */ = {
			isa = PBXContainerItemProxy;
			containerPortal = 3F60380F24792D4900E703E0 /* Project object */;
			proxyType = 1;
			remoteGlobalIDString = 3F60381624792D4900E703E0;
			remoteInfo = "Music Player";
		};
/* End PBXContainerItemProxy section */

/* Begin PBXCopyFilesBuildPhase section */
		3F641F95255ADDBC00C85227 /* Embed Frameworks */ = {
			isa = PBXCopyFilesBuildPhase;
			buildActionMask = 2147483647;
			dstPath = "";
			dstSubfolderSpec = 10;
			files = (
			);
			name = "Embed Frameworks";
			runOnlyForDeploymentPostprocessing = 0;
		};
/* End PBXCopyFilesBuildPhase section */

/* Begin PBXFileReference section */
		304C5D4C50F5DFD879601A43 /* Pods-Music Player.release.xcconfig */ = {isa = PBXFileReference; includeInIndex = 1; lastKnownFileType = text.xcconfig; name = "Pods-Music Player.release.xcconfig"; path = "Target Support Files/Pods-Music Player/Pods-Music Player.release.xcconfig"; sourceTree = "<group>"; };
		35257A843C41D582C9285D30 /* Pods-Music Player.debug.xcconfig */ = {isa = PBXFileReference; includeInIndex = 1; lastKnownFileType = text.xcconfig; name = "Pods-Music Player.debug.xcconfig"; path = "Target Support Files/Pods-Music Player/Pods-Music Player.debug.xcconfig"; sourceTree = "<group>"; };
		3F161C1924DFEF51000291F2 /* SongCell.swift */ = {isa = PBXFileReference; lastKnownFileType = sourcecode.swift; path = SongCell.swift; sourceTree = "<group>"; };
		3F27FBC62482272D000B0978 /* DetailPlayerViewController.swift */ = {isa = PBXFileReference; lastKnownFileType = sourcecode.swift; path = DetailPlayerViewController.swift; sourceTree = "<group>"; };
		3F29139A248A2AA900977368 /* Oliver Tree - Hurt.mp3 */ = {isa = PBXFileReference; lastKnownFileType = audio.mp3; path = "Oliver Tree - Hurt.mp3"; sourceTree = "<group>"; };
		3F29139C248A2AC200977368 /* 21 Savage - Banc Account.mp3 */ = {isa = PBXFileReference; lastKnownFileType = audio.mp3; path = "21 Savage - Banc Account.mp3"; sourceTree = "<group>"; };
		3F29139E248A2AD600977368 /* Travis Scott - HIGHEST IN THE ROOM.mp3 */ = {isa = PBXFileReference; lastKnownFileType = audio.mp3; path = "Travis Scott - HIGHEST IN THE ROOM.mp3"; sourceTree = "<group>"; };
		3F2913A0248A2AE900977368 /* The Weeknd - The Hills.mp3 */ = {isa = PBXFileReference; lastKnownFileType = audio.mp3; path = "The Weeknd - The Hills.mp3"; sourceTree = "<group>"; };
		3F2913A2248A2B1700977368 /* Lil Nas X - Old Town Road.mp3 */ = {isa = PBXFileReference; lastKnownFileType = audio.mp3; path = "Lil Nas X - Old Town Road.mp3"; sourceTree = "<group>"; };
		3F2913A4248A314500977368 /* Travis Scott - CAROUSEL ft Frank Ocean.mp3 */ = {isa = PBXFileReference; lastKnownFileType = audio.mp3; path = "Travis Scott - CAROUSEL ft Frank Ocean.mp3"; sourceTree = "<group>"; };
		3F2913A6248A315200977368 /* Travis Scott - SKELETONS ft The Weeknd.mp3 */ = {isa = PBXFileReference; lastKnownFileType = audio.mp3; path = "Travis Scott - SKELETONS ft The Weeknd.mp3"; sourceTree = "<group>"; };
		3F2913A8248A315900977368 /* Travis Scott - YOSEMITE ft Gunna & NAV.mp3 */ = {isa = PBXFileReference; lastKnownFileType = audio.mp3; path = "Travis Scott - YOSEMITE ft Gunna & NAV.mp3"; sourceTree = "<group>"; };
		3F2913AA248A316000977368 /* Travis Scott - Stargazing.mp3 */ = {isa = PBXFileReference; lastKnownFileType = audio.mp3; path = "Travis Scott - Stargazing.mp3"; sourceTree = "<group>"; };
		3F2913AC248A316900977368 /* Travis Scott - STOP TRYING TO BE GOD ft James Blake & Kid Cudi.mp3 */ = {isa = PBXFileReference; lastKnownFileType = audio.mp3; path = "Travis Scott - STOP TRYING TO BE GOD ft James Blake & Kid Cudi.mp3"; sourceTree = "<group>"; };
		3F2913AE248A317000977368 /* Travis Scott - BUTTERFLY EFFECT.mp3 */ = {isa = PBXFileReference; lastKnownFileType = audio.mp3; path = "Travis Scott - BUTTERFLY EFFECT.mp3"; sourceTree = "<group>"; };
		3F2913B0248A3E4A00977368 /* AlbumDetailViewController.swift */ = {isa = PBXFileReference; lastKnownFileType = sourcecode.swift; path = AlbumDetailViewController.swift; sourceTree = "<group>"; };
		3F2913B2248A4E0E00977368 /* AlbumDetailViewCell.swift */ = {isa = PBXFileReference; lastKnownFileType = sourcecode.swift; path = AlbumDetailViewCell.swift; sourceTree = "<group>"; };
		3F2AE91924C084CF00B9CAF5 /* BarButton.swift */ = {isa = PBXFileReference; lastKnownFileType = sourcecode.swift; path = BarButton.swift; sourceTree = "<group>"; };
		3F397FA324829EEF00CE18F5 /* AudioService.swift */ = {isa = PBXFileReference; lastKnownFileType = sourcecode.swift; path = AudioService.swift; sourceTree = "<group>"; };
		3F41A2D624DAC07600251A5D /* NotificationService.swift */ = {isa = PBXFileReference; lastKnownFileType = sourcecode.swift; path = NotificationService.swift; sourceTree = "<group>"; };
		3F4451F2247EB1AD00DDF99F /* Assets.xcassets */ = {isa = PBXFileReference; lastKnownFileType = folder.assetcatalog; path = Assets.xcassets; sourceTree = "<group>"; };
		3F4E3EF324D036FA002AAD23 /* MainTabBarController.swift */ = {isa = PBXFileReference; lastKnownFileType = sourcecode.swift; path = MainTabBarController.swift; sourceTree = "<group>"; };
		3F4E3EF524D03E29002AAD23 /* AddTabBarPresenter.swift */ = {isa = PBXFileReference; lastKnownFileType = sourcecode.swift; path = AddTabBarPresenter.swift; sourceTree = "<group>"; };
		3F60381724792D4900E703E0 /* Music Player.app */ = {isa = PBXFileReference; explicitFileType = wrapper.application; includeInIndex = 0; path = "Music Player.app"; sourceTree = BUILT_PRODUCTS_DIR; };
		3F60381A24792D4900E703E0 /* AppDelegate.swift */ = {isa = PBXFileReference; lastKnownFileType = sourcecode.swift; path = AppDelegate.swift; sourceTree = "<group>"; };
		3F60381E24792D4900E703E0 /* MainViewController.swift */ = {isa = PBXFileReference; lastKnownFileType = sourcecode.swift; path = MainViewController.swift; sourceTree = "<group>"; };
		3F60382024792D4900E703E0 /* AlbumViewController.swift */ = {isa = PBXFileReference; lastKnownFileType = sourcecode.swift; path = AlbumViewController.swift; sourceTree = "<group>"; };
		3F60382324792D4900E703E0 /* Base */ = {isa = PBXFileReference; lastKnownFileType = file.storyboard; name = Base; path = Base.lproj/Main.storyboard; sourceTree = "<group>"; };
		3F60382824792D4C00E703E0 /* Base */ = {isa = PBXFileReference; lastKnownFileType = file.storyboard; name = Base; path = Base.lproj/LaunchScreen.storyboard; sourceTree = "<group>"; };
		3F60382A24792D4C00E703E0 /* Info.plist */ = {isa = PBXFileReference; lastKnownFileType = text.plist.xml; path = Info.plist; sourceTree = "<group>"; };
		3F60382F24792D4C00E703E0 /* Music PlayerTests.xctest */ = {isa = PBXFileReference; explicitFileType = wrapper.cfbundle; includeInIndex = 0; path = "Music PlayerTests.xctest"; sourceTree = BUILT_PRODUCTS_DIR; };
		3F60383324792D4C00E703E0 /* Music_PlayerTests.swift */ = {isa = PBXFileReference; lastKnownFileType = sourcecode.swift; path = Music_PlayerTests.swift; sourceTree = "<group>"; };
		3F60383524792D4C00E703E0 /* Info.plist */ = {isa = PBXFileReference; lastKnownFileType = text.plist.xml; path = Info.plist; sourceTree = "<group>"; };
		3F60383A24792D4C00E703E0 /* Music PlayerUITests.xctest */ = {isa = PBXFileReference; explicitFileType = wrapper.cfbundle; includeInIndex = 0; path = "Music PlayerUITests.xctest"; sourceTree = BUILT_PRODUCTS_DIR; };
		3F60383E24792D4C00E703E0 /* Music_PlayerUITests.swift */ = {isa = PBXFileReference; lastKnownFileType = sourcecode.swift; path = Music_PlayerUITests.swift; sourceTree = "<group>"; };
		3F60384024792D4C00E703E0 /* Info.plist */ = {isa = PBXFileReference; lastKnownFileType = text.plist.xml; path = Info.plist; sourceTree = "<group>"; };
		3F60384D24792DA000E703E0 /* Machine Gun Kelly - I think I'm ok.mp3 */ = {isa = PBXFileReference; lastKnownFileType = audio.mp3; path = "Machine Gun Kelly - I think I'm ok.mp3"; sourceTree = "<group>"; };
		3F60384F24792DB400E703E0 /* Travis Scott - The Scotts.mp3 */ = {isa = PBXFileReference; lastKnownFileType = audio.mp3; path = "Travis Scott - The Scotts.mp3"; sourceTree = "<group>"; };
		3F60385124792DC000E703E0 /* Travis Scott - SICKO MODE.mp3 */ = {isa = PBXFileReference; lastKnownFileType = audio.mp3; path = "Travis Scott - SICKO MODE.mp3"; sourceTree = "<group>"; };
		3F60385324792DC700E703E0 /* Don Toliver - No Idea.mp3 */ = {isa = PBXFileReference; lastKnownFileType = audio.mp3; path = "Don Toliver - No Idea.mp3"; sourceTree = "<group>"; };
		3F60385524792DD100E703E0 /* Lil Uzi Vert - Futsal Shuffle 2020.mp3 */ = {isa = PBXFileReference; lastKnownFileType = audio.mp3; path = "Lil Uzi Vert - Futsal Shuffle 2020.mp3"; sourceTree = "<group>"; };
		3F60385724792DDD00E703E0 /* Arizona Zervas & Swae Lee - Roxanne.mp3 */ = {isa = PBXFileReference; lastKnownFileType = audio.mp3; path = "Arizona Zervas & Swae Lee - Roxanne.mp3"; sourceTree = "<group>"; };
		3F60385924792DE300E703E0 /* The Weeknd - Call Out My Name.mp3 */ = {isa = PBXFileReference; lastKnownFileType = audio.mp3; path = "The Weeknd - Call Out My Name.mp3"; sourceTree = "<group>"; };
		3F60385B24792DE900E703E0 /* Roddy Ricch - The Box.mp3 */ = {isa = PBXFileReference; lastKnownFileType = audio.mp3; path = "Roddy Ricch - The Box.mp3"; sourceTree = "<group>"; };
		3F6038612479446400E703E0 /* SongService.swift */ = {isa = PBXFileReference; lastKnownFileType = sourcecode.swift; path = SongService.swift; sourceTree = "<group>"; };
		3F6038632479479F00E703E0 /* MainTableViewCell.swift */ = {isa = PBXFileReference; lastKnownFileType = sourcecode.swift; path = MainTableViewCell.swift; sourceTree = "<group>"; };
		3F641FC3255AFA8300C85227 /* ru */ = {isa = PBXFileReference; lastKnownFileType = text.plist.strings; name = ru; path = ru.lproj/Main.strings; sourceTree = "<group>"; };
		3F641FC4255AFA8300C85227 /* ru */ = {isa = PBXFileReference; lastKnownFileType = text.plist.strings; name = ru; path = ru.lproj/LaunchScreen.strings; sourceTree = "<group>"; };
		3F641FCE255AFB3200C85227 /* en */ = {isa = PBXFileReference; lastKnownFileType = text.plist.strings; name = en; path = en.lproj/Localizable.strings; sourceTree = "<group>"; };
		3F641FD0255AFB3700C85227 /* ru */ = {isa = PBXFileReference; lastKnownFileType = text.plist.strings; name = ru; path = ru.lproj/Localizable.strings; sourceTree = "<group>"; };
		3F64DC2424C72570009768E3 /* MainPresenter.swift */ = {isa = PBXFileReference; lastKnownFileType = sourcecode.swift; path = MainPresenter.swift; sourceTree = "<group>"; };
		3F64DC2724C7260D009768E3 /* BasePresenter.swift */ = {isa = PBXFileReference; lastKnownFileType = sourcecode.swift; path = BasePresenter.swift; sourceTree = "<group>"; };
		3F64DC2A24C7263C009768E3 /* RoutableViewController.swift */ = {isa = PBXFileReference; lastKnownFileType = sourcecode.swift; path = RoutableViewController.swift; sourceTree = "<group>"; };
		3F64DC2C24C72663009768E3 /* ServiceFactory.swift */ = {isa = PBXFileReference; lastKnownFileType = sourcecode.swift; path = ServiceFactory.swift; sourceTree = "<group>"; };
		3F64DC2E24C72779009768E3 /* Router.swift */ = {isa = PBXFileReference; lastKnownFileType = sourcecode.swift; path = Router.swift; sourceTree = "<group>"; };
		3F75BE3B2552ABA5000F86B7 /* Multidelegate.swift */ = {isa = PBXFileReference; lastKnownFileType = sourcecode.swift; path = Multidelegate.swift; sourceTree = "<group>"; };
		3FB776CE251F897C0061337F /* Bool+Extension.swift */ = {isa = PBXFileReference; lastKnownFileType = sourcecode.swift; path = "Bool+Extension.swift"; sourceTree = "<group>"; };
		3FBB1600255C320900D0AA72 /* R.generated.swift */ = {isa = PBXFileReference; fileEncoding = 4; lastKnownFileType = sourcecode.swift; path = R.generated.swift; sourceTree = "<group>"; };
		3FBB1626255C36DF00D0AA72 /* Gardens_Regular.ttf */ = {isa = PBXFileReference; lastKnownFileType = file; name = Gardens_Regular.ttf; path = ../../../../Downloads/Gardens_Regular.ttf; sourceTree = "<group>"; };
		3FBB162A255C36E500D0AA72 /* Lemon_Regular.ttf */ = {isa = PBXFileReference; lastKnownFileType = file; name = Lemon_Regular.ttf; path = ../../../../Downloads/Lemon_Regular.ttf; sourceTree = "<group>"; };
		3FC9F4FB247AC8D70079B4EC /* Ayo & Teo - Rolex.mp3 */ = {isa = PBXFileReference; lastKnownFileType = audio.mp3; path = "Ayo & Teo - Rolex.mp3"; sourceTree = "<group>"; };
		3FC9F4FD247AC8E70079B4EC /* XXXTENTACION - SAD!.mp3 */ = {isa = PBXFileReference; lastKnownFileType = audio.mp3; path = "XXXTENTACION - SAD!.mp3"; sourceTree = "<group>"; };
		3FC9F4FF247ACBB40079B4EC /* AlbumViewCell.swift */ = {isa = PBXFileReference; lastKnownFileType = sourcecode.swift; path = AlbumViewCell.swift; sourceTree = "<group>"; };
		3FD69C7D24D19E97002E5DA1 /* BaseButton.swift */ = {isa = PBXFileReference; lastKnownFileType = sourcecode.swift; path = BaseButton.swift; sourceTree = "<group>"; };
		3FD69C7F24D19F97002E5DA1 /* UIImage+Extension.swift */ = {isa = PBXFileReference; lastKnownFileType = sourcecode.swift; path = "UIImage+Extension.swift"; sourceTree = "<group>"; };
		3FD69C8124D19FB5002E5DA1 /* UINavigationController+Extension.swift */ = {isa = PBXFileReference; lastKnownFileType = sourcecode.swift; path = "UINavigationController+Extension.swift"; sourceTree = "<group>"; };
		3FD69C8324D19FCC002E5DA1 /* UIButton+Extension.swift */ = {isa = PBXFileReference; lastKnownFileType = sourcecode.swift; path = "UIButton+Extension.swift"; sourceTree = "<group>"; };
		3FD69C8524D19FED002E5DA1 /* UIViewController+Extension.swift */ = {isa = PBXFileReference; lastKnownFileType = sourcecode.swift; path = "UIViewController+Extension.swift"; sourceTree = "<group>"; };
		3FD69C8A24D2D603002E5DA1 /* AddTabBarView.swift */ = {isa = PBXFileReference; lastKnownFileType = sourcecode.swift; path = AddTabBarView.swift; sourceTree = "<group>"; };
		3FDAA7242494DCE400BC791C /* Eminem - You Gon Learn feat Royce Da 5'9, White Gold.mp3 */ = {isa = PBXFileReference; lastKnownFileType = audio.mp3; path = "Eminem - You Gon Learn feat Royce Da 5'9, White Gold.mp3"; sourceTree = "<group>"; };
		3FDAA7262494E11200BC791C /* Shawn Mendes - In My Blood.mp3 */ = {isa = PBXFileReference; lastKnownFileType = audio.mp3; path = "Shawn Mendes - In My Blood.mp3"; sourceTree = "<group>"; };
		3FDAA7282494E11700BC791C /* Camila Cabello - Havana feat. Young Thug.mp3 */ = {isa = PBXFileReference; lastKnownFileType = audio.mp3; path = "Camila Cabello - Havana feat. Young Thug.mp3"; sourceTree = "<group>"; };
		3FDAA72A2494E27700BC791C /* Ariana Grande - 7 Rings.mp3 */ = {isa = PBXFileReference; lastKnownFileType = audio.mp3; path = "Ariana Grande - 7 Rings.mp3"; sourceTree = "<group>"; };
		3FDAA72C2494EB0300BC791C /* Kendrick Lamar - DNA..mp3 */ = {isa = PBXFileReference; lastKnownFileType = audio.mp3; path = "Kendrick Lamar - DNA..mp3"; sourceTree = "<group>"; };
		3FDAA72E2494EC3000BC791C /* Rae Sremmurd - Black Beatles Ft. Gucci Mane.mp3 */ = {isa = PBXFileReference; lastKnownFileType = audio.mp3; path = "Rae Sremmurd - Black Beatles Ft. Gucci Mane.mp3"; sourceTree = "<group>"; };
		3FDF613224C7340000D23C1E /* DetailPlayerPresenter.swift */ = {isa = PBXFileReference; lastKnownFileType = sourcecode.swift; path = DetailPlayerPresenter.swift; sourceTree = "<group>"; };
		3FDF613524C7343800D23C1E /* AlbumPresenter.swift */ = {isa = PBXFileReference; lastKnownFileType = sourcecode.swift; path = AlbumPresenter.swift; sourceTree = "<group>"; };
		3FDF613824C7347300D23C1E /* AlbumDetailPresenter.swift */ = {isa = PBXFileReference; lastKnownFileType = sourcecode.swift; path = AlbumDetailPresenter.swift; sourceTree = "<group>"; };
		79C7E9825A5DFB666BE81F56 /* Pods_Music_PlayerTests.framework */ = {isa = PBXFileReference; explicitFileType = wrapper.framework; includeInIndex = 0; path = Pods_Music_PlayerTests.framework; sourceTree = BUILT_PRODUCTS_DIR; };
		8F343AB03C5BD672DF6EFB26 /* Pods-Music PlayerTests.debug.xcconfig */ = {isa = PBXFileReference; includeInIndex = 1; lastKnownFileType = text.xcconfig; name = "Pods-Music PlayerTests.debug.xcconfig"; path = "Target Support Files/Pods-Music PlayerTests/Pods-Music PlayerTests.debug.xcconfig"; sourceTree = "<group>"; };
		9903AABD0DE5240E67B65B34 /* Pods-Music Player-Music PlayerUITests.debug.xcconfig */ = {isa = PBXFileReference; includeInIndex = 1; lastKnownFileType = text.xcconfig; name = "Pods-Music Player-Music PlayerUITests.debug.xcconfig"; path = "Target Support Files/Pods-Music Player-Music PlayerUITests/Pods-Music Player-Music PlayerUITests.debug.xcconfig"; sourceTree = "<group>"; };
		CBDE13077B847B5064EAA926 /* Pods-Music PlayerTests.release.xcconfig */ = {isa = PBXFileReference; includeInIndex = 1; lastKnownFileType = text.xcconfig; name = "Pods-Music PlayerTests.release.xcconfig"; path = "Target Support Files/Pods-Music PlayerTests/Pods-Music PlayerTests.release.xcconfig"; sourceTree = "<group>"; };
		CCB159B178FEB561E712188B /* Pods_Music_Player.framework */ = {isa = PBXFileReference; explicitFileType = wrapper.framework; includeInIndex = 0; path = Pods_Music_Player.framework; sourceTree = BUILT_PRODUCTS_DIR; };
		D2148B384E0BC1AED3A87FCC /* Pods-Music Player-Music PlayerUITests.release.xcconfig */ = {isa = PBXFileReference; includeInIndex = 1; lastKnownFileType = text.xcconfig; name = "Pods-Music Player-Music PlayerUITests.release.xcconfig"; path = "Target Support Files/Pods-Music Player-Music PlayerUITests/Pods-Music Player-Music PlayerUITests.release.xcconfig"; sourceTree = "<group>"; };
		D41EAD7FD289AE08E23C3E74 /* Pods_Music_Player_Music_PlayerUITests.framework */ = {isa = PBXFileReference; explicitFileType = wrapper.framework; includeInIndex = 0; path = Pods_Music_Player_Music_PlayerUITests.framework; sourceTree = BUILT_PRODUCTS_DIR; };
/* End PBXFileReference section */

/* Begin PBXFrameworksBuildPhase section */
		3F60381424792D4900E703E0 /* Frameworks */ = {
			isa = PBXFrameworksBuildPhase;
			buildActionMask = 2147483647;
			files = (
				050BC4D81E192AFBAE6B43AF /* Pods_Music_Player.framework in Frameworks */,
				3F641FB0255AE2CC00C85227 /* Rswift in Frameworks */,
			);
			runOnlyForDeploymentPostprocessing = 0;
		};
		3F60382C24792D4C00E703E0 /* Frameworks */ = {
			isa = PBXFrameworksBuildPhase;
			buildActionMask = 2147483647;
			files = (
				FE68C1159D763C341A3DC136 /* Pods_Music_PlayerTests.framework in Frameworks */,
			);
			runOnlyForDeploymentPostprocessing = 0;
		};
		3F60383724792D4C00E703E0 /* Frameworks */ = {
			isa = PBXFrameworksBuildPhase;
			buildActionMask = 2147483647;
			files = (
				008201120F3FA334F3F9AF87 /* Pods_Music_Player_Music_PlayerUITests.framework in Frameworks */,
			);
			runOnlyForDeploymentPostprocessing = 0;
		};
/* End PBXFrameworksBuildPhase section */

/* Begin PBXGroup section */
		3F36B66D247FC29A006258B2 /* LaunchScreen */ = {
			isa = PBXGroup;
			children = (
				3F60382724792D4C00E703E0 /* LaunchScreen.storyboard */,
			);
			path = LaunchScreen;
			sourceTree = "<group>";
		};
		3F3E765D24A10AF600B076CB /* AlbumDetailModule */ = {
			isa = PBXGroup;
			children = (
				3F64DC2324C7252B009768E3 /* View */,
				3FDF613824C7347300D23C1E /* AlbumDetailPresenter.swift */,
			);
			path = AlbumDetailModule;
			sourceTree = "<group>";
		};
		3F3E765E24A10B1200B076CB /* MainModule */ = {
			isa = PBXGroup;
			children = (
				3F64DC2024C72515009768E3 /* View */,
				3F64DC2424C72570009768E3 /* MainPresenter.swift */,
			);
			path = MainModule;
			sourceTree = "<group>";
		};
		3F3E765F24A10B5000B076CB /* AlbumModule */ = {
			isa = PBXGroup;
			children = (
				3F64DC2224C72525009768E3 /* View */,
				3FDF613524C7343800D23C1E /* AlbumPresenter.swift */,
			);
			path = AlbumModule;
			sourceTree = "<group>";
		};
		3F4566C6249CE30D0091B9E2 /* Extensions */ = {
			isa = PBXGroup;
			children = (
				3FD69C7F24D19F97002E5DA1 /* UIImage+Extension.swift */,
				3FD69C8124D19FB5002E5DA1 /* UINavigationController+Extension.swift */,
				3FD69C8324D19FCC002E5DA1 /* UIButton+Extension.swift */,
				3FD69C8524D19FED002E5DA1 /* UIViewController+Extension.swift */,
				3FB776CE251F897C0061337F /* Bool+Extension.swift */,
			);
			path = Extensions;
			sourceTree = "<group>";
		};
		3F4E3EF724D03E78002AAD23 /* TabBarModule */ = {
			isa = PBXGroup;
			children = (
				3FD69C8C24D2D837002E5DA1 /* AddTabBarModule */,
				3F4E3EF524D03E29002AAD23 /* AddTabBarPresenter.swift */,
			);
			path = TabBarModule;
			sourceTree = "<group>";
		};
		3F60380E24792D4900E703E0 = {
			isa = PBXGroup;
			children = (
				3F60381924792D4900E703E0 /* Music Player */,
				3F60383D24792D4C00E703E0 /* Music PlayerUITests */,
				3F60381824792D4900E703E0 /* Products */,
				3F60383224792D4C00E703E0 /* Music PlayerTests */,
				438CD370F6BB4BF358FCE20E /* Pods */,
				564670787784A37D66EBCC92 /* Frameworks */,
			);
			sourceTree = "<group>";
		};
		3F60381824792D4900E703E0 /* Products */ = {
			isa = PBXGroup;
			children = (
				3F60381724792D4900E703E0 /* Music Player.app */,
				3F60382F24792D4C00E703E0 /* Music PlayerTests.xctest */,
				3F60383A24792D4C00E703E0 /* Music PlayerUITests.xctest */,
			);
			name = Products;
			sourceTree = "<group>";
		};
		3F60381924792D4900E703E0 /* Music Player */ = {
			isa = PBXGroup;
			children = (
				3F641FF0255B9AFC00C85227 /* Fonts */,
				3FBB1600255C320900D0AA72 /* R.generated.swift */,
				3FA077F024E042BF000E5E4A /* Storyboard+AppDelegate */,
				3F4E3EF724D03E78002AAD23 /* TabBarModule */,
				3F3E765E24A10B1200B076CB /* MainModule */,
				3F60385D2479348700E703E0 /* DetailPlayerModule */,
				3F3E765F24A10B5000B076CB /* AlbumModule */,
				3F3E765D24A10AF600B076CB /* AlbumDetailModule */,
				3F6038602479444D00E703E0 /* Services */,
				3F4566C6249CE30D0091B9E2 /* Extensions */,
				3F64DC2924C72611009768E3 /* Base */,
				3F60384C24792D7F00E703E0 /* Songs */,
				3F36B66D247FC29A006258B2 /* LaunchScreen */,
				3F60382A24792D4C00E703E0 /* Info.plist */,
				3FBB15F9255C30E500D0AA72 /* Resources */,
			);
			path = "Music Player";
			sourceTree = "<group>";
		};
		3F60383224792D4C00E703E0 /* Music PlayerTests */ = {
			isa = PBXGroup;
			children = (
				3F60383324792D4C00E703E0 /* Music_PlayerTests.swift */,
				3F60383524792D4C00E703E0 /* Info.plist */,
			);
			path = "Music PlayerTests";
			sourceTree = "<group>";
		};
		3F60383D24792D4C00E703E0 /* Music PlayerUITests */ = {
			isa = PBXGroup;
			children = (
				3F60383E24792D4C00E703E0 /* Music_PlayerUITests.swift */,
				3F60384024792D4C00E703E0 /* Info.plist */,
			);
			path = "Music PlayerUITests";
			sourceTree = "<group>";
		};
		3F60384C24792D7F00E703E0 /* Songs */ = {
			isa = PBXGroup;
			children = (
				3FDAA72E2494EC3000BC791C /* Rae Sremmurd - Black Beatles Ft. Gucci Mane.mp3 */,
				3FDAA72C2494EB0300BC791C /* Kendrick Lamar - DNA..mp3 */,
				3FDAA72A2494E27700BC791C /* Ariana Grande - 7 Rings.mp3 */,
				3FDAA7282494E11700BC791C /* Camila Cabello - Havana feat. Young Thug.mp3 */,
				3FDAA7262494E11200BC791C /* Shawn Mendes - In My Blood.mp3 */,
				3FDAA7242494DCE400BC791C /* Eminem - You Gon Learn feat Royce Da 5'9, White Gold.mp3 */,
				3F29139A248A2AA900977368 /* Oliver Tree - Hurt.mp3 */,
				3F29139C248A2AC200977368 /* 21 Savage - Banc Account.mp3 */,
				3F29139E248A2AD600977368 /* Travis Scott - HIGHEST IN THE ROOM.mp3 */,
				3F2913A2248A2B1700977368 /* Lil Nas X - Old Town Road.mp3 */,
				3F60384D24792DA000E703E0 /* Machine Gun Kelly - I think I'm ok.mp3 */,
				3F2913A0248A2AE900977368 /* The Weeknd - The Hills.mp3 */,
				3F60384F24792DB400E703E0 /* Travis Scott - The Scotts.mp3 */,
				3F60385124792DC000E703E0 /* Travis Scott - SICKO MODE.mp3 */,
				3F60385324792DC700E703E0 /* Don Toliver - No Idea.mp3 */,
				3F60385524792DD100E703E0 /* Lil Uzi Vert - Futsal Shuffle 2020.mp3 */,
				3F60385724792DDD00E703E0 /* Arizona Zervas & Swae Lee - Roxanne.mp3 */,
				3F60385924792DE300E703E0 /* The Weeknd - Call Out My Name.mp3 */,
				3F60385B24792DE900E703E0 /* Roddy Ricch - The Box.mp3 */,
				3FC9F4FB247AC8D70079B4EC /* Ayo & Teo - Rolex.mp3 */,
				3FC9F4FD247AC8E70079B4EC /* XXXTENTACION - SAD!.mp3 */,
				3F2913AA248A316000977368 /* Travis Scott - Stargazing.mp3 */,
				3F2913A4248A314500977368 /* Travis Scott - CAROUSEL ft Frank Ocean.mp3 */,
				3F2913A6248A315200977368 /* Travis Scott - SKELETONS ft The Weeknd.mp3 */,
				3F2913A8248A315900977368 /* Travis Scott - YOSEMITE ft Gunna & NAV.mp3 */,
				3F2913AC248A316900977368 /* Travis Scott - STOP TRYING TO BE GOD ft James Blake & Kid Cudi.mp3 */,
				3F2913AE248A317000977368 /* Travis Scott - BUTTERFLY EFFECT.mp3 */,
			);
			path = Songs;
			sourceTree = "<group>";
		};
		3F60385D2479348700E703E0 /* DetailPlayerModule */ = {
			isa = PBXGroup;
			children = (
				3F27FBC62482272D000B0978 /* DetailPlayerViewController.swift */,
				3FDF613224C7340000D23C1E /* DetailPlayerPresenter.swift */,
			);
			path = DetailPlayerModule;
			sourceTree = "<group>";
		};
		3F6038602479444D00E703E0 /* Services */ = {
			isa = PBXGroup;
			children = (
				3F64DC2E24C72779009768E3 /* Router.swift */,
				3F64DC2C24C72663009768E3 /* ServiceFactory.swift */,
				3F6038612479446400E703E0 /* SongService.swift */,
				3F397FA324829EEF00CE18F5 /* AudioService.swift */,
				3F41A2D624DAC07600251A5D /* NotificationService.swift */,
				3F75BE3B2552ABA5000F86B7 /* Multidelegate.swift */,
			);
			path = Services;
			sourceTree = "<group>";
		};
		3F641FF0255B9AFC00C85227 /* Fonts */ = {
			isa = PBXGroup;
			children = (
				3FBB1626255C36DF00D0AA72 /* Gardens_Regular.ttf */,
				3FBB162A255C36E500D0AA72 /* Lemon_Regular.ttf */,
			);
			path = Fonts;
			sourceTree = "<group>";
		};
		3F64DC2024C72515009768E3 /* View */ = {
			isa = PBXGroup;
			children = (
				3F60381E24792D4900E703E0 /* MainViewController.swift */,
				3F6038632479479F00E703E0 /* MainTableViewCell.swift */,
			);
			path = View;
			sourceTree = "<group>";
		};
		3F64DC2224C72525009768E3 /* View */ = {
			isa = PBXGroup;
			children = (
				3F60382024792D4900E703E0 /* AlbumViewController.swift */,
				3FC9F4FF247ACBB40079B4EC /* AlbumViewCell.swift */,
			);
			path = View;
			sourceTree = "<group>";
		};
		3F64DC2324C7252B009768E3 /* View */ = {
			isa = PBXGroup;
			children = (
				3F2913B0248A3E4A00977368 /* AlbumDetailViewController.swift */,
				3F2913B2248A4E0E00977368 /* AlbumDetailViewCell.swift */,
			);
			path = View;
			sourceTree = "<group>";
		};
		3F64DC2924C72611009768E3 /* Base */ = {
			isa = PBXGroup;
			children = (
				3FD69C8F24D2FF2E002E5DA1 /* CustomClasses */,
				3FD69C8924D2D5D3002E5DA1 /* RoutableViewController */,
				3F64DC2724C7260D009768E3 /* BasePresenter.swift */,
				3FD69C7D24D19E97002E5DA1 /* BaseButton.swift */,
			);
			path = Base;
			sourceTree = "<group>";
		};
		3FA077F024E042BF000E5E4A /* Storyboard+AppDelegate */ = {
			isa = PBXGroup;
			children = (
				3F60382224792D4900E703E0 /* Main.storyboard */,
				3F60381A24792D4900E703E0 /* AppDelegate.swift */,
			);
			path = "Storyboard+AppDelegate";
			sourceTree = "<group>";
		};
		3FBB15F9255C30E500D0AA72 /* Resources */ = {
			isa = PBXGroup;
			children = (
				3F4451F2247EB1AD00DDF99F /* Assets.xcassets */,
				3F641FCF255AFB3200C85227 /* Localizable.strings */,
			);
			path = Resources;
			sourceTree = "<group>";
		};
		3FD69C8924D2D5D3002E5DA1 /* RoutableViewController */ = {
			isa = PBXGroup;
			children = (
				3F64DC2A24C7263C009768E3 /* RoutableViewController.swift */,
			);
			path = RoutableViewController;
			sourceTree = "<group>";
		};
		3FD69C8C24D2D837002E5DA1 /* AddTabBarModule */ = {
			isa = PBXGroup;
			children = (
				3F4E3EF324D036FA002AAD23 /* MainTabBarController.swift */,
				3FD69C8A24D2D603002E5DA1 /* AddTabBarView.swift */,
			);
			path = AddTabBarModule;
			sourceTree = "<group>";
		};
		3FD69C8F24D2FF2E002E5DA1 /* CustomClasses */ = {
			isa = PBXGroup;
			children = (
				3F2AE91924C084CF00B9CAF5 /* BarButton.swift */,
				3F161C1924DFEF51000291F2 /* SongCell.swift */,
			);
			path = CustomClasses;
			sourceTree = "<group>";
		};
		438CD370F6BB4BF358FCE20E /* Pods */ = {
			isa = PBXGroup;
			children = (
				35257A843C41D582C9285D30 /* Pods-Music Player.debug.xcconfig */,
				304C5D4C50F5DFD879601A43 /* Pods-Music Player.release.xcconfig */,
				9903AABD0DE5240E67B65B34 /* Pods-Music Player-Music PlayerUITests.debug.xcconfig */,
				D2148B384E0BC1AED3A87FCC /* Pods-Music Player-Music PlayerUITests.release.xcconfig */,
				8F343AB03C5BD672DF6EFB26 /* Pods-Music PlayerTests.debug.xcconfig */,
				CBDE13077B847B5064EAA926 /* Pods-Music PlayerTests.release.xcconfig */,
			);
			path = Pods;
			sourceTree = "<group>";
		};
		564670787784A37D66EBCC92 /* Frameworks */ = {
			isa = PBXGroup;
			children = (
				CCB159B178FEB561E712188B /* Pods_Music_Player.framework */,
				D41EAD7FD289AE08E23C3E74 /* Pods_Music_Player_Music_PlayerUITests.framework */,
				79C7E9825A5DFB666BE81F56 /* Pods_Music_PlayerTests.framework */,
			);
			name = Frameworks;
			sourceTree = "<group>";
		};
/* End PBXGroup section */

/* Begin PBXNativeTarget section */
		3F60381624792D4900E703E0 /* Music Player */ = {
			isa = PBXNativeTarget;
			buildConfigurationList = 3F60384324792D4C00E703E0 /* Build configuration list for PBXNativeTarget "Music Player" */;
			buildPhases = (
				39FA5D55F9837478DE31A11B /* [CP] Check Pods Manifest.lock */,
				3F60381324792D4900E703E0 /* Sources */,
				3F60381424792D4900E703E0 /* Frameworks */,
				3F60381524792D4900E703E0 /* Resources */,
				C39C484E21955A044F843996 /* [CP] Embed Pods Frameworks */,
				3F641F95255ADDBC00C85227 /* Embed Frameworks */,
			);
			buildRules = (
			);
			dependencies = (
			);
			name = "Music Player";
			packageProductDependencies = (
				3F641FAF255AE2CC00C85227 /* Rswift */,
			);
			productName = "Music Player";
			productReference = 3F60381724792D4900E703E0 /* Music Player.app */;
			productType = "com.apple.product-type.application";
		};
		3F60382E24792D4C00E703E0 /* Music PlayerTests */ = {
			isa = PBXNativeTarget;
			buildConfigurationList = 3F60384624792D4C00E703E0 /* Build configuration list for PBXNativeTarget "Music PlayerTests" */;
			buildPhases = (
				A3E38A9C143BFEF553CD929F /* [CP] Check Pods Manifest.lock */,
				3F60382B24792D4C00E703E0 /* Sources */,
				3F60382C24792D4C00E703E0 /* Frameworks */,
				3F60382D24792D4C00E703E0 /* Resources */,
			);
			buildRules = (
			);
			dependencies = (
				3F60383124792D4C00E703E0 /* PBXTargetDependency */,
			);
			name = "Music PlayerTests";
			productName = "Music PlayerTests";
			productReference = 3F60382F24792D4C00E703E0 /* Music PlayerTests.xctest */;
			productType = "com.apple.product-type.bundle.unit-test";
		};
		3F60383924792D4C00E703E0 /* Music PlayerUITests */ = {
			isa = PBXNativeTarget;
			buildConfigurationList = 3F60384924792D4C00E703E0 /* Build configuration list for PBXNativeTarget "Music PlayerUITests" */;
			buildPhases = (
				8C21AFCA6ADEB4F46CC5B76F /* [CP] Check Pods Manifest.lock */,
				3F60383624792D4C00E703E0 /* Sources */,
				3F60383724792D4C00E703E0 /* Frameworks */,
				3F60383824792D4C00E703E0 /* Resources */,
				AC6FB8203EB3D83A5337937C /* [CP] Embed Pods Frameworks */,
			);
			buildRules = (
			);
			dependencies = (
				3F60383C24792D4C00E703E0 /* PBXTargetDependency */,
			);
			name = "Music PlayerUITests";
			productName = "Music PlayerUITests";
			productReference = 3F60383A24792D4C00E703E0 /* Music PlayerUITests.xctest */;
			productType = "com.apple.product-type.bundle.ui-testing";
		};
/* End PBXNativeTarget section */

/* Begin PBXProject section */
		3F60380F24792D4900E703E0 /* Project object */ = {
			isa = PBXProject;
			attributes = {
				LastSwiftUpdateCheck = 1130;
				LastUpgradeCheck = 1130;
				ORGANIZATIONNAME = "Кирилл";
				TargetAttributes = {
					3F60381624792D4900E703E0 = {
						CreatedOnToolsVersion = 11.3.1;
					};
					3F60382E24792D4C00E703E0 = {
						CreatedOnToolsVersion = 11.3.1;
						TestTargetID = 3F60381624792D4900E703E0;
					};
					3F60383924792D4C00E703E0 = {
						CreatedOnToolsVersion = 11.3.1;
						TestTargetID = 3F60381624792D4900E703E0;
					};
				};
			};
			buildConfigurationList = 3F60381224792D4900E703E0 /* Build configuration list for PBXProject "Music Player" */;
			compatibilityVersion = "Xcode 9.3";
			developmentRegion = en;
			hasScannedForEncodings = 0;
			knownRegions = (
				en,
				Base,
				ru,
			);
			mainGroup = 3F60380E24792D4900E703E0;
			packageReferences = (
				3F641FAE255AE2CC00C85227 /* XCRemoteSwiftPackageReference "R.swift" */,
			);
			productRefGroup = 3F60381824792D4900E703E0 /* Products */;
			projectDirPath = "";
			projectRoot = "";
			targets = (
				3F60381624792D4900E703E0 /* Music Player */,
				3F60382E24792D4C00E703E0 /* Music PlayerTests */,
				3F60383924792D4C00E703E0 /* Music PlayerUITests */,
			);
		};
/* End PBXProject section */

/* Begin PBXResourcesBuildPhase section */
		3F60381524792D4900E703E0 /* Resources */ = {
			isa = PBXResourcesBuildPhase;
			buildActionMask = 2147483647;
			files = (
				3F2913A9248A315900977368 /* Travis Scott - YOSEMITE ft Gunna & NAV.mp3 in Resources */,
				3F2913A7248A315200977368 /* Travis Scott - SKELETONS ft The Weeknd.mp3 in Resources */,
				3F2913AF248A317000977368 /* Travis Scott - BUTTERFLY EFFECT.mp3 in Resources */,
				3FDAA72D2494EB0300BC791C /* Kendrick Lamar - DNA..mp3 in Resources */,
				3FBB1627255C36DF00D0AA72 /* Gardens_Regular.ttf in Resources */,
				3F60385024792DB400E703E0 /* Travis Scott - The Scotts.mp3 in Resources */,
				3F60385424792DC700E703E0 /* Don Toliver - No Idea.mp3 in Resources */,
				3F29139F248A2AD600977368 /* Travis Scott - HIGHEST IN THE ROOM.mp3 in Resources */,
				3F60382924792D4C00E703E0 /* LaunchScreen.storyboard in Resources */,
				3F60385824792DDD00E703E0 /* Arizona Zervas & Swae Lee - Roxanne.mp3 in Resources */,
				3F60382424792D4900E703E0 /* Main.storyboard in Resources */,
				3F2913A1248A2AE900977368 /* The Weeknd - The Hills.mp3 in Resources */,
				3F60385224792DC000E703E0 /* Travis Scott - SICKO MODE.mp3 in Resources */,
				3FDAA7292494E11800BC791C /* Camila Cabello - Havana feat. Young Thug.mp3 in Resources */,
				3F29139D248A2AC200977368 /* 21 Savage - Banc Account.mp3 in Resources */,
				3F2913A5248A314500977368 /* Travis Scott - CAROUSEL ft Frank Ocean.mp3 in Resources */,
				3FDAA7272494E11200BC791C /* Shawn Mendes - In My Blood.mp3 in Resources */,
				3F641FCD255AFB3200C85227 /* Localizable.strings in Resources */,
				3F2913AB248A316000977368 /* Travis Scott - Stargazing.mp3 in Resources */,
				3FBB162B255C36E500D0AA72 /* Lemon_Regular.ttf in Resources */,
				3FDAA72F2494EC3000BC791C /* Rae Sremmurd - Black Beatles Ft. Gucci Mane.mp3 in Resources */,
				3F29139B248A2AA900977368 /* Oliver Tree - Hurt.mp3 in Resources */,
				3FDAA72B2494E27700BC791C /* Ariana Grande - 7 Rings.mp3 in Resources */,
				3F4451F3247EB1AD00DDF99F /* Assets.xcassets in Resources */,
				3F2913AD248A316900977368 /* Travis Scott - STOP TRYING TO BE GOD ft James Blake & Kid Cudi.mp3 in Resources */,
				3F60385624792DD100E703E0 /* Lil Uzi Vert - Futsal Shuffle 2020.mp3 in Resources */,
				3FC9F4FE247AC8E70079B4EC /* XXXTENTACION - SAD!.mp3 in Resources */,
				3F60384E24792DA000E703E0 /* Machine Gun Kelly - I think I'm ok.mp3 in Resources */,
				3F60385A24792DE300E703E0 /* The Weeknd - Call Out My Name.mp3 in Resources */,
				3FDAA7252494DCE500BC791C /* Eminem - You Gon Learn feat Royce Da 5'9, White Gold.mp3 in Resources */,
				3FC9F4FC247AC8D70079B4EC /* Ayo & Teo - Rolex.mp3 in Resources */,
				3F2913A3248A2B1700977368 /* Lil Nas X - Old Town Road.mp3 in Resources */,
				3F60385C24792DE900E703E0 /* Roddy Ricch - The Box.mp3 in Resources */,
			);
			runOnlyForDeploymentPostprocessing = 0;
		};
		3F60382D24792D4C00E703E0 /* Resources */ = {
			isa = PBXResourcesBuildPhase;
			buildActionMask = 2147483647;
			files = (
			);
			runOnlyForDeploymentPostprocessing = 0;
		};
		3F60383824792D4C00E703E0 /* Resources */ = {
			isa = PBXResourcesBuildPhase;
			buildActionMask = 2147483647;
			files = (
			);
			runOnlyForDeploymentPostprocessing = 0;
		};
/* End PBXResourcesBuildPhase section */

/* Begin PBXShellScriptBuildPhase section */
		39FA5D55F9837478DE31A11B /* [CP] Check Pods Manifest.lock */ = {
			isa = PBXShellScriptBuildPhase;
			buildActionMask = 2147483647;
			files = (
			);
			inputFileListPaths = (
			);
			inputPaths = (
				"${PODS_PODFILE_DIR_PATH}/Podfile.lock",
				"${PODS_ROOT}/Manifest.lock",
			);
			name = "[CP] Check Pods Manifest.lock";
			outputFileListPaths = (
			);
			outputPaths = (
				"$(DERIVED_FILE_DIR)/Pods-Music Player-checkManifestLockResult.txt",
			);
			runOnlyForDeploymentPostprocessing = 0;
			shellPath = /bin/sh;
			shellScript = "diff \"${PODS_PODFILE_DIR_PATH}/Podfile.lock\" \"${PODS_ROOT}/Manifest.lock\" > /dev/null\nif [ $? != 0 ] ; then\n    # print error to STDERR\n    echo \"error: The sandbox is not in sync with the Podfile.lock. Run 'pod install' or update your CocoaPods installation.\" >&2\n    exit 1\nfi\n# This output is used by Xcode 'outputs' to avoid re-running this script phase.\necho \"SUCCESS\" > \"${SCRIPT_OUTPUT_FILE_0}\"\n";
			showEnvVarsInLog = 0;
		};
		8C21AFCA6ADEB4F46CC5B76F /* [CP] Check Pods Manifest.lock */ = {
			isa = PBXShellScriptBuildPhase;
			buildActionMask = 2147483647;
			files = (
			);
			inputFileListPaths = (
			);
			inputPaths = (
				"${PODS_PODFILE_DIR_PATH}/Podfile.lock",
				"${PODS_ROOT}/Manifest.lock",
			);
			name = "[CP] Check Pods Manifest.lock";
			outputFileListPaths = (
			);
			outputPaths = (
				"$(DERIVED_FILE_DIR)/Pods-Music Player-Music PlayerUITests-checkManifestLockResult.txt",
			);
			runOnlyForDeploymentPostprocessing = 0;
			shellPath = /bin/sh;
			shellScript = "diff \"${PODS_PODFILE_DIR_PATH}/Podfile.lock\" \"${PODS_ROOT}/Manifest.lock\" > /dev/null\nif [ $? != 0 ] ; then\n    # print error to STDERR\n    echo \"error: The sandbox is not in sync with the Podfile.lock. Run 'pod install' or update your CocoaPods installation.\" >&2\n    exit 1\nfi\n# This output is used by Xcode 'outputs' to avoid re-running this script phase.\necho \"SUCCESS\" > \"${SCRIPT_OUTPUT_FILE_0}\"\n";
			showEnvVarsInLog = 0;
		};
		A3E38A9C143BFEF553CD929F /* [CP] Check Pods Manifest.lock */ = {
			isa = PBXShellScriptBuildPhase;
			buildActionMask = 2147483647;
			files = (
			);
			inputFileListPaths = (
			);
			inputPaths = (
				"${PODS_PODFILE_DIR_PATH}/Podfile.lock",
				"${PODS_ROOT}/Manifest.lock",
			);
			name = "[CP] Check Pods Manifest.lock";
			outputFileListPaths = (
			);
			outputPaths = (
				"$(DERIVED_FILE_DIR)/Pods-Music PlayerTests-checkManifestLockResult.txt",
			);
			runOnlyForDeploymentPostprocessing = 0;
			shellPath = /bin/sh;
			shellScript = "diff \"${PODS_PODFILE_DIR_PATH}/Podfile.lock\" \"${PODS_ROOT}/Manifest.lock\" > /dev/null\nif [ $? != 0 ] ; then\n    # print error to STDERR\n    echo \"error: The sandbox is not in sync with the Podfile.lock. Run 'pod install' or update your CocoaPods installation.\" >&2\n    exit 1\nfi\n# This output is used by Xcode 'outputs' to avoid re-running this script phase.\necho \"SUCCESS\" > \"${SCRIPT_OUTPUT_FILE_0}\"\n";
			showEnvVarsInLog = 0;
		};
		AC6FB8203EB3D83A5337937C /* [CP] Embed Pods Frameworks */ = {
			isa = PBXShellScriptBuildPhase;
			buildActionMask = 2147483647;
			files = (
			);
			inputFileListPaths = (
				"${PODS_ROOT}/Target Support Files/Pods-Music Player-Music PlayerUITests/Pods-Music Player-Music PlayerUITests-frameworks-${CONFIGURATION}-input-files.xcfilelist",
			);
			name = "[CP] Embed Pods Frameworks";
			outputFileListPaths = (
				"${PODS_ROOT}/Target Support Files/Pods-Music Player-Music PlayerUITests/Pods-Music Player-Music PlayerUITests-frameworks-${CONFIGURATION}-output-files.xcfilelist",
			);
			runOnlyForDeploymentPostprocessing = 0;
			shellPath = /bin/sh;
			shellScript = "\"${PODS_ROOT}/Target Support Files/Pods-Music Player-Music PlayerUITests/Pods-Music Player-Music PlayerUITests-frameworks.sh\"\n";
			showEnvVarsInLog = 0;
		};
		C39C484E21955A044F843996 /* [CP] Embed Pods Frameworks */ = {
			isa = PBXShellScriptBuildPhase;
			buildActionMask = 2147483647;
			files = (
			);
			inputFileListPaths = (
				"${PODS_ROOT}/Target Support Files/Pods-Music Player/Pods-Music Player-frameworks-${CONFIGURATION}-input-files.xcfilelist",
			);
			name = "[CP] Embed Pods Frameworks";
			outputFileListPaths = (
				"${PODS_ROOT}/Target Support Files/Pods-Music Player/Pods-Music Player-frameworks-${CONFIGURATION}-output-files.xcfilelist",
			);
			runOnlyForDeploymentPostprocessing = 0;
			shellPath = /bin/sh;
			shellScript = "\"${PODS_ROOT}/Target Support Files/Pods-Music Player/Pods-Music Player-frameworks.sh\"\n";
			showEnvVarsInLog = 0;
		};
/* End PBXShellScriptBuildPhase section */

/* Begin PBXSourcesBuildPhase section */
		3F60381324792D4900E703E0 /* Sources */ = {
			isa = PBXSourcesBuildPhase;
			buildActionMask = 2147483647;
			files = (
				3FD69C8624D19FED002E5DA1 /* UIViewController+Extension.swift in Sources */,
				3F6038642479479F00E703E0 /* MainTableViewCell.swift in Sources */,
				3F64DC2824C7260D009768E3 /* BasePresenter.swift in Sources */,
				3FD69C8024D19F97002E5DA1 /* UIImage+Extension.swift in Sources */,
				3F75BE3C2552ABA5000F86B7 /* Multidelegate.swift in Sources */,
				3FD69C8B24D2D603002E5DA1 /* AddTabBarView.swift in Sources */,
				3F6038622479446400E703E0 /* SongService.swift in Sources */,
				3F2AE91A24C084CF00B9CAF5 /* BarButton.swift in Sources */,
				3F64DC2B24C7263C009768E3 /* RoutableViewController.swift in Sources */,
				3FD69C8224D19FB5002E5DA1 /* UINavigationController+Extension.swift in Sources */,
				3F4E3EF624D03E29002AAD23 /* AddTabBarPresenter.swift in Sources */,
				3F2913B3248A4E0E00977368 /* AlbumDetailViewCell.swift in Sources */,
				3F60382124792D4900E703E0 /* AlbumViewController.swift in Sources */,
				3FD69C7E24D19E97002E5DA1 /* BaseButton.swift in Sources */,
				3FDF613624C7343800D23C1E /* AlbumPresenter.swift in Sources */,
				3FDF613324C7340000D23C1E /* DetailPlayerPresenter.swift in Sources */,
				3F64DC2D24C72663009768E3 /* ServiceFactory.swift in Sources */,
				3F41A2D724DAC07600251A5D /* NotificationService.swift in Sources */,
				3FD69C8424D19FCC002E5DA1 /* UIButton+Extension.swift in Sources */,
				3F64DC2524C72570009768E3 /* MainPresenter.swift in Sources */,
				3FBB1601255C320900D0AA72 /* R.generated.swift in Sources */,
				3F64DC2F24C72779009768E3 /* Router.swift in Sources */,
				3FDF613924C7347300D23C1E /* AlbumDetailPresenter.swift in Sources */,
				3FB776CF251F897C0061337F /* Bool+Extension.swift in Sources */,
				3F60381F24792D4900E703E0 /* MainViewController.swift in Sources */,
				3F60381B24792D4900E703E0 /* AppDelegate.swift in Sources */,
				3F2913B1248A3E4A00977368 /* AlbumDetailViewController.swift in Sources */,
				3F4E3EF424D036FA002AAD23 /* MainTabBarController.swift in Sources */,
				3FC9F500247ACBB40079B4EC /* AlbumViewCell.swift in Sources */,
				3F27FBC72482272D000B0978 /* DetailPlayerViewController.swift in Sources */,
				3F161C1A24DFEF51000291F2 /* SongCell.swift in Sources */,
				3F397FA424829EEF00CE18F5 /* AudioService.swift in Sources */,
			);
			runOnlyForDeploymentPostprocessing = 0;
		};
		3F60382B24792D4C00E703E0 /* Sources */ = {
			isa = PBXSourcesBuildPhase;
			buildActionMask = 2147483647;
			files = (
				3F60383424792D4C00E703E0 /* Music_PlayerTests.swift in Sources */,
			);
			runOnlyForDeploymentPostprocessing = 0;
		};
		3F60383624792D4C00E703E0 /* Sources */ = {
			isa = PBXSourcesBuildPhase;
			buildActionMask = 2147483647;
			files = (
				3F60383F24792D4C00E703E0 /* Music_PlayerUITests.swift in Sources */,
			);
			runOnlyForDeploymentPostprocessing = 0;
		};
/* End PBXSourcesBuildPhase section */

/* Begin PBXTargetDependency section */
		3F60383124792D4C00E703E0 /* PBXTargetDependency */ = {
			isa = PBXTargetDependency;
			target = 3F60381624792D4900E703E0 /* Music Player */;
			targetProxy = 3F60383024792D4C00E703E0 /* PBXContainerItemProxy */;
		};
		3F60383C24792D4C00E703E0 /* PBXTargetDependency */ = {
			isa = PBXTargetDependency;
			target = 3F60381624792D4900E703E0 /* Music Player */;
			targetProxy = 3F60383B24792D4C00E703E0 /* PBXContainerItemProxy */;
		};
/* End PBXTargetDependency section */

/* Begin PBXVariantGroup section */
		3F60382224792D4900E703E0 /* Main.storyboard */ = {
			isa = PBXVariantGroup;
			children = (
				3F60382324792D4900E703E0 /* Base */,
				3F641FC3255AFA8300C85227 /* ru */,
			);
			name = Main.storyboard;
			sourceTree = "<group>";
		};
		3F60382724792D4C00E703E0 /* LaunchScreen.storyboard */ = {
			isa = PBXVariantGroup;
			children = (
				3F60382824792D4C00E703E0 /* Base */,
				3F641FC4255AFA8300C85227 /* ru */,
			);
			name = LaunchScreen.storyboard;
			sourceTree = "<group>";
		};
		3F641FCF255AFB3200C85227 /* Localizable.strings */ = {
			isa = PBXVariantGroup;
			children = (
				3F641FCE255AFB3200C85227 /* en */,
				3F641FD0255AFB3700C85227 /* ru */,
			);
			name = Localizable.strings;
			sourceTree = "<group>";
		};
/* End PBXVariantGroup section */

/* Begin XCBuildConfiguration section */
		3F60384124792D4C00E703E0 /* Debug */ = {
			isa = XCBuildConfiguration;
			buildSettings = {
				ALWAYS_SEARCH_USER_PATHS = NO;
				CLANG_ANALYZER_LOCALIZABILITY_NONLOCALIZED = YES;
				CLANG_ANALYZER_NONNULL = YES;
				CLANG_ANALYZER_NUMBER_OBJECT_CONVERSION = YES_AGGRESSIVE;
				CLANG_CXX_LANGUAGE_STANDARD = "gnu++14";
				CLANG_CXX_LIBRARY = "libc++";
				CLANG_ENABLE_MODULES = YES;
				CLANG_ENABLE_OBJC_ARC = YES;
				CLANG_ENABLE_OBJC_WEAK = YES;
				CLANG_WARN_BLOCK_CAPTURE_AUTORELEASING = YES;
				CLANG_WARN_BOOL_CONVERSION = YES;
				CLANG_WARN_COMMA = YES;
				CLANG_WARN_CONSTANT_CONVERSION = YES;
				CLANG_WARN_DEPRECATED_OBJC_IMPLEMENTATIONS = YES;
				CLANG_WARN_DIRECT_OBJC_ISA_USAGE = YES_ERROR;
				CLANG_WARN_DOCUMENTATION_COMMENTS = YES;
				CLANG_WARN_EMPTY_BODY = YES;
				CLANG_WARN_ENUM_CONVERSION = YES;
				CLANG_WARN_INFINITE_RECURSION = YES;
				CLANG_WARN_INT_CONVERSION = YES;
				CLANG_WARN_NON_LITERAL_NULL_CONVERSION = YES;
				CLANG_WARN_OBJC_IMPLICIT_RETAIN_SELF = YES;
				CLANG_WARN_OBJC_LITERAL_CONVERSION = YES;
				CLANG_WARN_OBJC_ROOT_CLASS = YES_ERROR;
				CLANG_WARN_RANGE_LOOP_ANALYSIS = YES;
				CLANG_WARN_STRICT_PROTOTYPES = YES;
				CLANG_WARN_SUSPICIOUS_MOVE = YES;
				CLANG_WARN_UNGUARDED_AVAILABILITY = YES_AGGRESSIVE;
				CLANG_WARN_UNREACHABLE_CODE = YES;
				CLANG_WARN__DUPLICATE_METHOD_MATCH = YES;
				COPY_PHASE_STRIP = NO;
				DEBUG_INFORMATION_FORMAT = dwarf;
				ENABLE_STRICT_OBJC_MSGSEND = YES;
				ENABLE_TESTABILITY = YES;
				GCC_C_LANGUAGE_STANDARD = gnu11;
				GCC_DYNAMIC_NO_PIC = NO;
				GCC_NO_COMMON_BLOCKS = YES;
				GCC_OPTIMIZATION_LEVEL = 0;
				GCC_PREPROCESSOR_DEFINITIONS = (
					"DEBUG=1",
					"$(inherited)",
				);
				GCC_WARN_64_TO_32_BIT_CONVERSION = YES;
				GCC_WARN_ABOUT_RETURN_TYPE = YES_ERROR;
				GCC_WARN_UNDECLARED_SELECTOR = YES;
				GCC_WARN_UNINITIALIZED_AUTOS = YES_AGGRESSIVE;
				GCC_WARN_UNUSED_FUNCTION = YES;
				GCC_WARN_UNUSED_VARIABLE = YES;
				IPHONEOS_DEPLOYMENT_TARGET = 13.2;
				MTL_ENABLE_DEBUG_INFO = INCLUDE_SOURCE;
				MTL_FAST_MATH = YES;
				ONLY_ACTIVE_ARCH = YES;
				SDKROOT = iphoneos;
				SWIFT_ACTIVE_COMPILATION_CONDITIONS = DEBUG;
				SWIFT_OPTIMIZATION_LEVEL = "-Onone";
			};
			name = Debug;
		};
		3F60384224792D4C00E703E0 /* Release */ = {
			isa = XCBuildConfiguration;
			buildSettings = {
				ALWAYS_SEARCH_USER_PATHS = NO;
				CLANG_ANALYZER_LOCALIZABILITY_NONLOCALIZED = YES;
				CLANG_ANALYZER_NONNULL = YES;
				CLANG_ANALYZER_NUMBER_OBJECT_CONVERSION = YES_AGGRESSIVE;
				CLANG_CXX_LANGUAGE_STANDARD = "gnu++14";
				CLANG_CXX_LIBRARY = "libc++";
				CLANG_ENABLE_MODULES = YES;
				CLANG_ENABLE_OBJC_ARC = YES;
				CLANG_ENABLE_OBJC_WEAK = YES;
				CLANG_WARN_BLOCK_CAPTURE_AUTORELEASING = YES;
				CLANG_WARN_BOOL_CONVERSION = YES;
				CLANG_WARN_COMMA = YES;
				CLANG_WARN_CONSTANT_CONVERSION = YES;
				CLANG_WARN_DEPRECATED_OBJC_IMPLEMENTATIONS = YES;
				CLANG_WARN_DIRECT_OBJC_ISA_USAGE = YES_ERROR;
				CLANG_WARN_DOCUMENTATION_COMMENTS = YES;
				CLANG_WARN_EMPTY_BODY = YES;
				CLANG_WARN_ENUM_CONVERSION = YES;
				CLANG_WARN_INFINITE_RECURSION = YES;
				CLANG_WARN_INT_CONVERSION = YES;
				CLANG_WARN_NON_LITERAL_NULL_CONVERSION = YES;
				CLANG_WARN_OBJC_IMPLICIT_RETAIN_SELF = YES;
				CLANG_WARN_OBJC_LITERAL_CONVERSION = YES;
				CLANG_WARN_OBJC_ROOT_CLASS = YES_ERROR;
				CLANG_WARN_RANGE_LOOP_ANALYSIS = YES;
				CLANG_WARN_STRICT_PROTOTYPES = YES;
				CLANG_WARN_SUSPICIOUS_MOVE = YES;
				CLANG_WARN_UNGUARDED_AVAILABILITY = YES_AGGRESSIVE;
				CLANG_WARN_UNREACHABLE_CODE = YES;
				CLANG_WARN__DUPLICATE_METHOD_MATCH = YES;
				COPY_PHASE_STRIP = NO;
				DEBUG_INFORMATION_FORMAT = "dwarf-with-dsym";
				ENABLE_NS_ASSERTIONS = NO;
				ENABLE_STRICT_OBJC_MSGSEND = YES;
				GCC_C_LANGUAGE_STANDARD = gnu11;
				GCC_NO_COMMON_BLOCKS = YES;
				GCC_WARN_64_TO_32_BIT_CONVERSION = YES;
				GCC_WARN_ABOUT_RETURN_TYPE = YES_ERROR;
				GCC_WARN_UNDECLARED_SELECTOR = YES;
				GCC_WARN_UNINITIALIZED_AUTOS = YES_AGGRESSIVE;
				GCC_WARN_UNUSED_FUNCTION = YES;
				GCC_WARN_UNUSED_VARIABLE = YES;
				IPHONEOS_DEPLOYMENT_TARGET = 13.2;
				MTL_ENABLE_DEBUG_INFO = NO;
				MTL_FAST_MATH = YES;
				SDKROOT = iphoneos;
				SWIFT_COMPILATION_MODE = wholemodule;
				SWIFT_OPTIMIZATION_LEVEL = "-O";
				VALIDATE_PRODUCT = YES;
			};
			name = Release;
		};
		3F60384424792D4C00E703E0 /* Debug */ = {
			isa = XCBuildConfiguration;
			baseConfigurationReference = 35257A843C41D582C9285D30 /* Pods-Music Player.debug.xcconfig */;
			buildSettings = {
				ASSETCATALOG_COMPILER_APPICON_NAME = AppIcon;
				CODE_SIGN_STYLE = Automatic;
				DEVELOPMENT_TEAM = YM3NBJ97S4;
				INFOPLIST_FILE = "Music Player/Info.plist";
				LD_RUNPATH_SEARCH_PATHS = (
					"$(inherited)",
					"@executable_path/Frameworks",
				);
				PRODUCT_BUNDLE_IDENTIFIER = "QQQ.Music-Player";
				PRODUCT_NAME = "$(TARGET_NAME)";
				SWIFT_VERSION = 5.0;
				TARGETED_DEVICE_FAMILY = "1,2";
			};
			name = Debug;
		};
		3F60384524792D4C00E703E0 /* Release */ = {
			isa = XCBuildConfiguration;
			baseConfigurationReference = 304C5D4C50F5DFD879601A43 /* Pods-Music Player.release.xcconfig */;
			buildSettings = {
				ASSETCATALOG_COMPILER_APPICON_NAME = AppIcon;
				CODE_SIGN_STYLE = Automatic;
				DEVELOPMENT_TEAM = YM3NBJ97S4;
				INFOPLIST_FILE = "Music Player/Info.plist";
				LD_RUNPATH_SEARCH_PATHS = (
					"$(inherited)",
					"@executable_path/Frameworks",
				);
				PRODUCT_BUNDLE_IDENTIFIER = "QQQ.Music-Player";
				PRODUCT_NAME = "$(TARGET_NAME)";
				SWIFT_VERSION = 5.0;
				TARGETED_DEVICE_FAMILY = "1,2";
			};
			name = Release;
		};
		3F60384724792D4C00E703E0 /* Debug */ = {
			isa = XCBuildConfiguration;
			baseConfigurationReference = 8F343AB03C5BD672DF6EFB26 /* Pods-Music PlayerTests.debug.xcconfig */;
			buildSettings = {
				ALWAYS_EMBED_SWIFT_STANDARD_LIBRARIES = YES;
				BUNDLE_LOADER = "$(TEST_HOST)";
				CODE_SIGN_STYLE = Automatic;
				INFOPLIST_FILE = "Music PlayerTests/Info.plist";
				IPHONEOS_DEPLOYMENT_TARGET = 13.2;
				LD_RUNPATH_SEARCH_PATHS = (
					"$(inherited)",
					"@executable_path/Frameworks",
					"@loader_path/Frameworks",
				);
				PRODUCT_BUNDLE_IDENTIFIER = "QQQ.Music-PlayerTests";
				PRODUCT_NAME = "$(TARGET_NAME)";
				SWIFT_VERSION = 5.0;
				TARGETED_DEVICE_FAMILY = "1,2";
				TEST_HOST = "$(BUILT_PRODUCTS_DIR)/Music Player.app/Music Player";
			};
			name = Debug;
		};
		3F60384824792D4C00E703E0 /* Release */ = {
			isa = XCBuildConfiguration;
			baseConfigurationReference = CBDE13077B847B5064EAA926 /* Pods-Music PlayerTests.release.xcconfig */;
			buildSettings = {
				ALWAYS_EMBED_SWIFT_STANDARD_LIBRARIES = YES;
				BUNDLE_LOADER = "$(TEST_HOST)";
				CODE_SIGN_STYLE = Automatic;
				INFOPLIST_FILE = "Music PlayerTests/Info.plist";
				IPHONEOS_DEPLOYMENT_TARGET = 13.2;
				LD_RUNPATH_SEARCH_PATHS = (
					"$(inherited)",
					"@executable_path/Frameworks",
					"@loader_path/Frameworks",
				);
				PRODUCT_BUNDLE_IDENTIFIER = "QQQ.Music-PlayerTests";
				PRODUCT_NAME = "$(TARGET_NAME)";
				SWIFT_VERSION = 5.0;
				TARGETED_DEVICE_FAMILY = "1,2";
				TEST_HOST = "$(BUILT_PRODUCTS_DIR)/Music Player.app/Music Player";
			};
			name = Release;
		};
		3F60384A24792D4C00E703E0 /* Debug */ = {
			isa = XCBuildConfiguration;
			baseConfigurationReference = 9903AABD0DE5240E67B65B34 /* Pods-Music Player-Music PlayerUITests.debug.xcconfig */;
			buildSettings = {
				ALWAYS_EMBED_SWIFT_STANDARD_LIBRARIES = YES;
				CODE_SIGN_STYLE = Automatic;
				INFOPLIST_FILE = "Music PlayerUITests/Info.plist";
				LD_RUNPATH_SEARCH_PATHS = (
					"$(inherited)",
					"@executable_path/Frameworks",
					"@loader_path/Frameworks",
				);
				PRODUCT_BUNDLE_IDENTIFIER = "QQQ.Music-PlayerUITests";
				PRODUCT_NAME = "$(TARGET_NAME)";
				SWIFT_VERSION = 5.0;
				TARGETED_DEVICE_FAMILY = "1,2";
				TEST_TARGET_NAME = "Music Player";
			};
			name = Debug;
		};
		3F60384B24792D4C00E703E0 /* Release */ = {
			isa = XCBuildConfiguration;
			baseConfigurationReference = D2148B384E0BC1AED3A87FCC /* Pods-Music Player-Music PlayerUITests.release.xcconfig */;
			buildSettings = {
				ALWAYS_EMBED_SWIFT_STANDARD_LIBRARIES = YES;
				CODE_SIGN_STYLE = Automatic;
				INFOPLIST_FILE = "Music PlayerUITests/Info.plist";
				LD_RUNPATH_SEARCH_PATHS = (
					"$(inherited)",
					"@executable_path/Frameworks",
					"@loader_path/Frameworks",
				);
				PRODUCT_BUNDLE_IDENTIFIER = "QQQ.Music-PlayerUITests";
				PRODUCT_NAME = "$(TARGET_NAME)";
				SWIFT_VERSION = 5.0;
				TARGETED_DEVICE_FAMILY = "1,2";
				TEST_TARGET_NAME = "Music Player";
			};
			name = Release;
		};
/* End XCBuildConfiguration section */

/* Begin XCConfigurationList section */
		3F60381224792D4900E703E0 /* Build configuration list for PBXProject "Music Player" */ = {
			isa = XCConfigurationList;
			buildConfigurations = (
				3F60384124792D4C00E703E0 /* Debug */,
				3F60384224792D4C00E703E0 /* Release */,
			);
			defaultConfigurationIsVisible = 0;
			defaultConfigurationName = Release;
		};
		3F60384324792D4C00E703E0 /* Build configuration list for PBXNativeTarget "Music Player" */ = {
			isa = XCConfigurationList;
			buildConfigurations = (
				3F60384424792D4C00E703E0 /* Debug */,
				3F60384524792D4C00E703E0 /* Release */,
			);
			defaultConfigurationIsVisible = 0;
			defaultConfigurationName = Release;
		};
		3F60384624792D4C00E703E0 /* Build configuration list for PBXNativeTarget "Music PlayerTests" */ = {
			isa = XCConfigurationList;
			buildConfigurations = (
				3F60384724792D4C00E703E0 /* Debug */,
				3F60384824792D4C00E703E0 /* Release */,
			);
			defaultConfigurationIsVisible = 0;
			defaultConfigurationName = Release;
		};
		3F60384924792D4C00E703E0 /* Build configuration list for PBXNativeTarget "Music PlayerUITests" */ = {
			isa = XCConfigurationList;
			buildConfigurations = (
				3F60384A24792D4C00E703E0 /* Debug */,
				3F60384B24792D4C00E703E0 /* Release */,
			);
			defaultConfigurationIsVisible = 0;
			defaultConfigurationName = Release;
		};
/* End XCConfigurationList section */

/* Begin XCRemoteSwiftPackageReference section */
		3F641FAE255AE2CC00C85227 /* XCRemoteSwiftPackageReference "R.swift" */ = {
			isa = XCRemoteSwiftPackageReference;
			repositoryURL = "https://github.com/mac-cain13/R.swift.Library";
			requirement = {
				kind = upToNextMajorVersion;
				minimumVersion = 5.3.0;
			};
		};
/* End XCRemoteSwiftPackageReference section */

/* Begin XCSwiftPackageProductDependency section */
		3F641FAF255AE2CC00C85227 /* Rswift */ = {
			isa = XCSwiftPackageProductDependency;
			package = 3F641FAE255AE2CC00C85227 /* XCRemoteSwiftPackageReference "R.swift" */;
			productName = Rswift;
		};
/* End XCSwiftPackageProductDependency section */
	};
	rootObject = 3F60380F24792D4900E703E0 /* Project object */;
}
